{
  "pins" : [
    {
      "identity" : "alamofire",
      "kind" : "remoteSourceControl",
      "location" : "https://github.com/Alamofire/Alamofire",
      "state" : {
        "revision" : "513364f870f6bfc468f9d2ff0a95caccc10044c5",
        "version" : "5.10.2"
      }
    },
    {
      "identity" : "designsystem",
      "kind" : "remoteSourceControl",
      "location" : "https://github.com/NirmitDagly/DesignSystem",
      "state" : {
        "revision" : "4e06393f3c9bfbc5c4816bd6eb650b92299daeb8",
        "version" : "1.0.14"
      }
    },
    {
      "identity" : "logger",
      "kind" : "remoteSourceControl",
      "location" : "https://github.com/NirmitDagly/Logger",
      "state" : {
        "revision" : "ac2df6fc7605b5d6c2302d91a03a39371c8af8ee",
        "version" : "1.0.3"
      }
    },
    {
      "identity" : "network",
      "kind" : "remoteSourceControl",
      "location" : "https://github.com/NirmitDagly/Network",
      "state" : {
        "revision" : "75e39a99de77dbe9a1195a05638c6132ab2e7d7a",
        "version" : "1.0.34"
      }
    },
    {
      "identity" : "swift-log",
      "kind" : "remoteSourceControl",
      "location" : "https://github.com/apple/swift-log.git",
      "state" : {
        "revision" : "ce592ae52f982c847a4efc0dd881cc9eb32d29f2",
        "version" : "1.6.4"
      }
    }
  ],
  "version" : 2
}
