{
  "pins" : [
    {
      "identity" : "alamofire",
      "kind" : "remoteSourceControl",
      "location" : "https://github.com/Alamofire/Alamofire",
      "state" : {
        "revision" : "513364f870f6bfc468f9d2ff0a95caccc10044c5",
        "version" : "5.10.2"
      }
    },
    {
      "identity" : "designsystem",
      "kind" : "remoteSourceControl",
      "location" : "https://github.com/NirmitDagly/DesignSystem",
      "state" : {
        "revision" : "4e06393f3c9bfbc5c4816bd6eb650b92299daeb8",
        "version" : "1.0.14"
      }
    },
    {
      "identity" : "logger",
      "kind" : "remoteSourceControl",
      "location" : "https://github.com/NirmitDagly/Logger",
      "state" : {
        "revision" : "970d867961c932ab4f6ea901144e975292418d57",
        "version" : "1.0.4"
      }
    },
    {
      "identity" : "network",
      "kind" : "remoteSourceControl",
      "location" : "https://github.com/NirmitDagly/Network",
      "state" : {
        "revision" : "d549e8751f99d809041d39b8e829b8ee8bf99884",
        "version" : "1.0.41"
      }
    },
    {
      "identity" : "swift-log",
      "kind" : "remoteSourceControl",
      "location" : "https://github.com/apple/swift-log.git",
      "state" : {
        "revision" : "ce592ae52f982c847a4efc0dd881cc9eb32d29f2",
        "version" : "1.6.4"
      }
    }
  ],
  "version" : 2
}
