{
  "pins" : [
    {
      "identity" : "alamofire",
      "kind" : "remoteSourceControl",
      "location" : "https://github.com/Alamofire/Alamofire",
      "state" : {
        "revision" : "513364f870f6bfc468f9d2ff0a95caccc10044c5",
        "version" : "5.10.2"
      }
    },
    {
      "identity" : "designsystem",
      "kind" : "remoteSourceControl",
      "location" : "https://github.com/NirmitDagly/DesignSystem",
      "state" : {
        "revision" : "a2c1a7cb6903d500153220dc54016ee7395f25a5",
        "version" : "1.0.13"
      }
    },
    {
      "identity" : "logger",
      "kind" : "remoteSourceControl",
      "location" : "https://github.com/NirmitDagly/Logger",
      "state" : {
        "revision" : "ac2df6fc7605b5d6c2302d91a03a39371c8af8ee",
        "version" : "1.0.3"
      }
    },
    {
      "identity" : "network",
      "kind" : "remoteSourceControl",
      "location" : "https://github.com/NirmitDagly/Network",
      "state" : {
        "revision" : "bfc015a7c4fc80d8055e6b3d9849ec7ddec3d163",
        "version" : "1.0.14"
      }
    },
    {
      "identity" : "swift-log",
      "kind" : "remoteSourceControl",
      "location" : "https://github.com/apple/swift-log.git",
      "state" : {
        "revision" : "3d8596ed08bd13520157f0355e35caed215ffbfa",
        "version" : "1.6.3"
      }
    }
  ],
  "version" : 2
}
